
Microsoft Visual Studio Solution File, Format Version 11.00
# Visual Basic Express 2010
Project("{F184B08F-C81C-45F6-A57F-5ABD9991F28F}") = "tesDatabase(1)", "tesDatabase(1).vbproj", "{588DECB2-223F-49CD-906C-044D8AD9EE9C}"
EndProject
Global
	GlobalSection(SolutionConfigurationPlatforms) = preSolution
		Debug|x86 = Debug|x86
		Release|x86 = Release|x86
	EndGlobalSection
	GlobalSection(ProjectConfigurationPlatforms) = postSolution
		{588DECB2-223F-49CD-906C-044D8AD9EE9C}.Debug|x86.ActiveCfg = Debug|x86
		{588DECB2-223F-49CD-906C-044D8AD9EE9C}.Debug|x86.Build.0 = Debug|x86
		{588DECB2-223F-49CD-906C-044D8AD9EE9C}.Release|x86.ActiveCfg = Release|x86
		{588DECB2-223F-49CD-906C-044D8AD9EE9C}.Release|x86.Build.0 = Release|x86
	EndGlobalSection
	GlobalSection(SolutionProperties) = preSolution
		HideSolutionNode = FALSE
	EndGlobalSection
EndGlobal
